
Microsoft Visual Studio Solution File, Format Version 12.00
# Visual Studio Version 17
VisualStudioVersion = 17.3.32929.385
MinimumVisualStudioVersion = 10.0.40219.1
Project("{FAE04EC0-301F-11D3-BF4B-00C04F79EFBC}") = "OrangeProject", "OrangeProject\OrangeProject.csproj", "{1BA1D6A6-231D-4138-96DC-23E0BC9DEC88}"
EndProject
Global
	GlobalSection(SolutionConfigurationPlatforms) = preSolution
		Debug|Any CPU = Debug|Any CPU
		Release|Any CPU = Release|Any CPU
	EndGlobalSection
	GlobalSection(ProjectConfigurationPlatforms) = postSolution
		{1BA1D6A6-231D-4138-96DC-23E0BC9DEC88}.Debug|Any CPU.ActiveCfg = Debug|Any CPU
		{1BA1D6A6-231D-4138-96DC-23E0BC9DEC88}.Debug|Any CPU.Build.0 = Debug|Any CPU
		{1BA1D6A6-231D-4138-96DC-23E0BC9DEC88}.Release|Any CPU.ActiveCfg = Release|Any CPU
		{1BA1D6A6-231D-4138-96DC-23E0BC9DEC88}.Release|Any CPU.Build.0 = Release|Any CPU
	EndGlobalSection
	GlobalSection(SolutionProperties) = preSolution
		HideSolutionNode = FALSE
	EndGlobalSection
	GlobalSection(ExtensibilityGlobals) = postSolution
		SolutionGuid = {0C9BB39A-804B-4676-9106-536084A954F0}
	EndGlobalSection
EndGlobal
